PODS:
  - LicensePlist (3.23.4)
  - NMSSH (2.3.1)

DEPENDENCIES:
  - LicensePlist
  - NMSSH

SPEC REPOS:
  trunk:
    - LicensePlist
    - NMSSH

SPEC CHECKSUMS:
  LicensePlist: 804d60431859ef6ee6b2aa2dd0eb2c09d0418edd
  NMSSH: cd689ae535a1581a6dd9fd4600ff71247df510a6

PODFILE CHECKSUM: f372d29125009c07b0dffc59a4999ca3045ecd68

COCOAPODS: 1.11.3
