{
  "pins" : [
    {
      "identity" : "swiftterm",
      "kind" : "remoteSourceControl",
      "location" : "https://github.com/migueldeicaza/SwiftTerm",
      "state" : {
        "branch" : "main",
        "revision" : "d51163cdac466c0af39cde02cbb6cb630de92145"
      }
    }
  ],
  "version" : 2
}
