// !$*UTF8*$!
{
	archiveVersion = 1;
	classes = {
	};
	objectVersion = 56;
	objects = {

/* Begin PBXBuildFile section */
		1321332D2BBA01CE00D6DFD7 /* GoogleMobileAds in Frameworks */ = {isa = PBXBuildFile; productRef = 1321332C2BBA01CE00D6DFD7 /* GoogleMobileAds */; };
		132495372BB5667100B7C1A3 /* SwiftTerm in Frameworks */ = {isa = PBXBuildFile; productRef = 132495362BB5667100B7C1A3 /* SwiftTerm */; };
		1324953A2BB5667C00B7C1A3 /* NMSSH in Frameworks */ = {isa = PBXBuildFile; productRef = 132495392BB5667C00B7C1A3 /* NMSSH */; };
		1324953D2BB566A500B7C1A3 /* libcrypto in Frameworks */ = {isa = PBXBuildFile; productRef = 1324953C2BB566A500B7C1A3 /* libcrypto */; };
		1324953F2BB566A500B7C1A3 /* libgit2 in Frameworks */ = {isa = PBXBuildFile; productRef = 1324953E2BB566A500B7C1A3 /* libgit2 */; };
		132495412BB566A500B7C1A3 /* libssh2 in Frameworks */ = {isa = PBXBuildFile; productRef = 132495402BB566A500B7C1A3 /* libssh2 */; };
		132495432BB566A500B7C1A3 /* libssl in Frameworks */ = {isa = PBXBuildFile; productRef = 132495422BB566A500B7C1A3 /* libssl */; };
		132495462BB566B000B7C1A3 /* Shake in Frameworks */ = {isa = PBXBuildFile; productRef = 132495452BB566B000B7C1A3 /* Shake */; };
		1335F7712B78368C004BDECA /* NavigationBackButton.swift in Sources */ = {isa = PBXBuildFile; fileRef = 1335F7702B78368C004BDECA /* NavigationBackButton.swift */; };
		135823D72B184DEC00C91BFA /* SSHSetupView.swift in Sources */ = {isa = PBXBuildFile; fileRef = 135823D62B184DEC00C91BFA /* SSHSetupView.swift */; };
		1362C8992B8E7DC60010CDA6 /* ContentModel.swift in Sources */ = {isa = PBXBuildFile; fileRef = 1362C8982B8E7DC60010CDA6 /* ContentModel.swift */; };
		137A2F472B4C8819001BA0E4 /* SSHTerminalView.swift in Sources */ = {isa = PBXBuildFile; fileRef = 137A2F462B4C8819001BA0E4 /* SSHTerminalView.swift */; };
		138032B12B9512B30014E9EA /* AppInfoModel.swift in Sources */ = {isa = PBXBuildFile; fileRef = 138032B02B9512B30014E9EA /* AppInfoModel.swift */; };
		138032B32B9512FF0014E9EA /* AppInfoView.swift in Sources */ = {isa = PBXBuildFile; fileRef = 138032B22B9512FF0014E9EA /* AppInfoView.swift */; };
		1387E5372BC9E4BA00191CE0 /* UINavigationController+Gesture.swift in Sources */ = {isa = PBXBuildFile; fileRef = 1387E5362BC9E4BA00191CE0 /* UINavigationController+Gesture.swift */; };
		1387E5392BCDC6ED00191CE0 /* AdmobBannerModel.swift in Sources */ = {isa = PBXBuildFile; fileRef = 1387E5382BCDC6ED00191CE0 /* AdmobBannerModel.swift */; };
		1387E53B2BCDC76300191CE0 /* AdmobBannerView.swift in Sources */ = {isa = PBXBuildFile; fileRef = 1387E53A2BCDC76300191CE0 /* AdmobBannerView.swift */; };
		1387E5412BCF219D00191CE0 /* LicenseList in Frameworks */ = {isa = PBXBuildFile; productRef = 1387E5402BCF219D00191CE0 /* LicenseList */; };
		13893B8E2B3902C90037F0E7 /* LaunchScreen.storyboard in Resources */ = {isa = PBXBuildFile; fileRef = 13893B8D2B3902C90037F0E7 /* LaunchScreen.storyboard */; };
		139E261C2BB214D80047C294 /* SSHSetupModel.swift in Sources */ = {isa = PBXBuildFile; fileRef = 139E261B2BB214D80047C294 /* SSHSetupModel.swift */; };
		13B935AB2BC9DD0B009D2949 /* SSHTerminalModel.swift in Sources */ = {isa = PBXBuildFile; fileRef = 13B935AA2BC9DD0B009D2949 /* SSHTerminalModel.swift */; };
		20A3FB0C29369E59008E5FBB /* Assets.xcassets in Resources */ = {isa = PBXBuildFile; fileRef = 20A3FB0B29369E59008E5FBB /* Assets.xcassets */; };
		8DB339432BDDBFAD000E58FD /* Localizable.xcstrings in Resources */ = {isa = PBXBuildFile; fileRef = 8DB339422BDDBFAD000E58FD /* Localizable.xcstrings */; };
		8DB339462BDF7928000E58FD /* InfoPlist.strings in Resources */ = {isa = PBXBuildFile; fileRef = 8DB339442BDF7928000E58FD /* InfoPlist.strings */; };
		DB750A622AF2E0D700F7E8E5 /* InstermApp.swift in Sources */ = {isa = PBXBuildFile; fileRef = DB750A612AF2E0D700F7E8E5 /* InstermApp.swift */; };
		DB750A642AF2E0E300F7E8E5 /* ContentView.swift in Sources */ = {isa = PBXBuildFile; fileRef = DB750A632AF2E0E300F7E8E5 /* ContentView.swift */; };
		DB750A752AF2F47200F7E8E5 /* Preview Assets.xcassets in Resources */ = {isa = PBXBuildFile; fileRef = DB750A742AF2F47200F7E8E5 /* Preview Assets.xcassets */; };
		DB750A852AF2F59800F7E8E5 /* InstermTests.swift in Sources */ = {isa = PBXBuildFile; fileRef = DB750A842AF2F59800F7E8E5 /* InstermTests.swift */; };
		DB750A922AF2F60400F7E8E5 /* InstermUITests.swift in Sources */ = {isa = PBXBuildFile; fileRef = DB750A912AF2F60400F7E8E5 /* InstermUITests.swift */; };
		DB750A942AF2F60400F7E8E5 /* InstermUITestsLaunchTests.swift in Sources */ = {isa = PBXBuildFile; fileRef = DB750A932AF2F60400F7E8E5 /* InstermUITestsLaunchTests.swift */; };
/* End PBXBuildFile section */

/* Begin PBXContainerItemProxy section */
		DB750A862AF2F59800F7E8E5 /* PBXContainerItemProxy */ = {
			isa = PBXContainerItemProxy;
			containerPortal = 20A3FAF729369E56008E5FBB /* Project object */;
			proxyType = 1;
			remoteGlobalIDString = 20A3FAFE29369E56008E5FBB;
			remoteInfo = Insterm;
		};
		DB750A952AF2F60400F7E8E5 /* PBXContainerItemProxy */ = {
			isa = PBXContainerItemProxy;
			containerPortal = 20A3FAF729369E56008E5FBB /* Project object */;
			proxyType = 1;
			remoteGlobalIDString = 20A3FAFE29369E56008E5FBB;
			remoteInfo = Insterm;
		};
/* End PBXContainerItemProxy section */

/* Begin PBXFileReference section */
		1335F7702B78368C004BDECA /* NavigationBackButton.swift */ = {isa = PBXFileReference; lastKnownFileType = sourcecode.swift; path = NavigationBackButton.swift; sourceTree = "<group>"; };
		135823D62B184DEC00C91BFA /* SSHSetupView.swift */ = {isa = PBXFileReference; fileEncoding = 4; lastKnownFileType = sourcecode.swift; path = SSHSetupView.swift; sourceTree = "<group>"; };
		1362C8982B8E7DC60010CDA6 /* ContentModel.swift */ = {isa = PBXFileReference; lastKnownFileType = sourcecode.swift; path = ContentModel.swift; sourceTree = "<group>"; };
		137A2F462B4C8819001BA0E4 /* SSHTerminalView.swift */ = {isa = PBXFileReference; lastKnownFileType = sourcecode.swift; path = SSHTerminalView.swift; sourceTree = "<group>"; };
		138032B02B9512B30014E9EA /* AppInfoModel.swift */ = {isa = PBXFileReference; lastKnownFileType = sourcecode.swift; path = AppInfoModel.swift; sourceTree = "<group>"; };
		138032B22B9512FF0014E9EA /* AppInfoView.swift */ = {isa = PBXFileReference; lastKnownFileType = sourcecode.swift; path = AppInfoView.swift; sourceTree = "<group>"; };
		1387E5362BC9E4BA00191CE0 /* UINavigationController+Gesture.swift */ = {isa = PBXFileReference; lastKnownFileType = sourcecode.swift; path = "UINavigationController+Gesture.swift"; sourceTree = "<group>"; };
		1387E5382BCDC6ED00191CE0 /* AdmobBannerModel.swift */ = {isa = PBXFileReference; lastKnownFileType = sourcecode.swift; path = AdmobBannerModel.swift; sourceTree = "<group>"; };
		1387E53A2BCDC76300191CE0 /* AdmobBannerView.swift */ = {isa = PBXFileReference; lastKnownFileType = sourcecode.swift; path = AdmobBannerView.swift; sourceTree = "<group>"; };
		13893B8D2B3902C90037F0E7 /* LaunchScreen.storyboard */ = {isa = PBXFileReference; fileEncoding = 4; lastKnownFileType = file.storyboard; path = LaunchScreen.storyboard; sourceTree = "<group>"; };
		139E261B2BB214D80047C294 /* SSHSetupModel.swift */ = {isa = PBXFileReference; lastKnownFileType = sourcecode.swift; path = SSHSetupModel.swift; sourceTree = "<group>"; };
		13B935AA2BC9DD0B009D2949 /* SSHTerminalModel.swift */ = {isa = PBXFileReference; lastKnownFileType = sourcecode.swift; path = SSHTerminalModel.swift; sourceTree = "<group>"; };
		20A3FAFF29369E56008E5FBB /* Insterm.app */ = {isa = PBXFileReference; explicitFileType = wrapper.application; includeInIndex = 0; path = Insterm.app; sourceTree = BUILT_PRODUCTS_DIR; };
		20A3FB0B29369E59008E5FBB /* Assets.xcassets */ = {isa = PBXFileReference; lastKnownFileType = folder.assetcatalog; path = Assets.xcassets; sourceTree = "<group>"; };
		20A3FB1029369E59008E5FBB /* Info.plist */ = {isa = PBXFileReference; lastKnownFileType = text.plist.xml; path = Info.plist; sourceTree = "<group>"; };
		8DB339422BDDBFAD000E58FD /* Localizable.xcstrings */ = {isa = PBXFileReference; lastKnownFileType = text.json.xcstrings; path = Localizable.xcstrings; sourceTree = "<group>"; };
		8DB339452BDF7928000E58FD /* en */ = {isa = PBXFileReference; lastKnownFileType = text.plist.strings; name = en; path = en.lproj/InfoPlist.strings; sourceTree = "<group>"; };
		8DB339472BDF796C000E58FD /* ja */ = {isa = PBXFileReference; lastKnownFileType = text.plist.strings; name = ja; path = ja.lproj/InfoPlist.strings; sourceTree = "<group>"; };
		DB750A612AF2E0D700F7E8E5 /* InstermApp.swift */ = {isa = PBXFileReference; fileEncoding = 4; lastKnownFileType = sourcecode.swift; path = InstermApp.swift; sourceTree = "<group>"; };
		DB750A632AF2E0E300F7E8E5 /* ContentView.swift */ = {isa = PBXFileReference; fileEncoding = 4; lastKnownFileType = sourcecode.swift; path = ContentView.swift; sourceTree = "<group>"; };
		DB750A672AF2E0FC00F7E8E5 /* Insterm.entitlements */ = {isa = PBXFileReference; lastKnownFileType = text.plist.entitlements; path = Insterm.entitlements; sourceTree = "<group>"; };
		DB750A742AF2F47200F7E8E5 /* Preview Assets.xcassets */ = {isa = PBXFileReference; lastKnownFileType = folder.assetcatalog; path = "Preview Assets.xcassets"; sourceTree = "<group>"; };
		DB750A822AF2F59800F7E8E5 /* InstermTests.xctest */ = {isa = PBXFileReference; explicitFileType = wrapper.cfbundle; includeInIndex = 0; path = InstermTests.xctest; sourceTree = BUILT_PRODUCTS_DIR; };
		DB750A842AF2F59800F7E8E5 /* InstermTests.swift */ = {isa = PBXFileReference; lastKnownFileType = sourcecode.swift; path = InstermTests.swift; sourceTree = "<group>"; };
		DB750A8F2AF2F60400F7E8E5 /* InstermUITests.xctest */ = {isa = PBXFileReference; explicitFileType = wrapper.cfbundle; includeInIndex = 0; path = InstermUITests.xctest; sourceTree = BUILT_PRODUCTS_DIR; };
		DB750A912AF2F60400F7E8E5 /* InstermUITests.swift */ = {isa = PBXFileReference; lastKnownFileType = sourcecode.swift; path = InstermUITests.swift; sourceTree = "<group>"; };
		DB750A932AF2F60400F7E8E5 /* InstermUITestsLaunchTests.swift */ = {isa = PBXFileReference; lastKnownFileType = sourcecode.swift; path = InstermUITestsLaunchTests.swift; sourceTree = "<group>"; };
/* End PBXFileReference section */

/* Begin PBXFrameworksBuildPhase section */
		20A3FAFC29369E56008E5FBB /* Frameworks */ = {
			isa = PBXFrameworksBuildPhase;
			buildActionMask = 2147483647;
			files = (
				132495412BB566A500B7C1A3 /* libssh2 in Frameworks */,
				132495462BB566B000B7C1A3 /* Shake in Frameworks */,
				1324953A2BB5667C00B7C1A3 /* NMSSH in Frameworks */,
				1321332D2BBA01CE00D6DFD7 /* GoogleMobileAds in Frameworks */,
				1324953D2BB566A500B7C1A3 /* libcrypto in Frameworks */,
				1387E5412BCF219D00191CE0 /* LicenseList in Frameworks */,
				132495432BB566A500B7C1A3 /* libssl in Frameworks */,
				132495372BB5667100B7C1A3 /* SwiftTerm in Frameworks */,
				1324953F2BB566A500B7C1A3 /* libgit2 in Frameworks */,
			);
			runOnlyForDeploymentPostprocessing = 0;
		};
		DB750A7F2AF2F59800F7E8E5 /* Frameworks */ = {
			isa = PBXFrameworksBuildPhase;
			buildActionMask = 2147483647;
			files = (
			);
			runOnlyForDeploymentPostprocessing = 0;
		};
		DB750A8C2AF2F60400F7E8E5 /* Frameworks */ = {
			isa = PBXFrameworksBuildPhase;
			buildActionMask = 2147483647;
			files = (
			);
			runOnlyForDeploymentPostprocessing = 0;
		};
/* End PBXFrameworksBuildPhase section */

/* Begin PBXGroup section */
		1335F76B2B782319004BDECA /* Extension */ = {
			isa = PBXGroup;
			children = (
				1387E5362BC9E4BA00191CE0 /* UINavigationController+Gesture.swift */,
			);
			path = Extension;
			sourceTree = "<group>";
		};
		1362C8862B8D2AF90010CDA6 /* Models */ = {
			isa = PBXGroup;
			children = (
				1362C8982B8E7DC60010CDA6 /* ContentModel.swift */,
				138032B02B9512B30014E9EA /* AppInfoModel.swift */,
				139E261B2BB214D80047C294 /* SSHSetupModel.swift */,
				13B935AA2BC9DD0B009D2949 /* SSHTerminalModel.swift */,
				1387E5382BCDC6ED00191CE0 /* AdmobBannerModel.swift */,
			);
			path = Models;
			sourceTree = "<group>";
		};
		1362C88C2B8D2CDB0010CDA6 /* Views */ = {
			isa = PBXGroup;
			children = (
				DB750A632AF2E0E300F7E8E5 /* ContentView.swift */,
				138032B22B9512FF0014E9EA /* AppInfoView.swift */,
				135823D62B184DEC00C91BFA /* SSHSetupView.swift */,
				137A2F462B4C8819001BA0E4 /* SSHTerminalView.swift */,
				1387E53A2BCDC76300191CE0 /* AdmobBannerView.swift */,
			);
			path = Views;
			sourceTree = "<group>";
		};
		1387E5352BC9E46200191CE0 /* Modifiers */ = {
			isa = PBXGroup;
			children = (
				1335F7702B78368C004BDECA /* NavigationBackButton.swift */,
			);
			path = Modifiers;
			sourceTree = "<group>";
		};
		20A3FAF629369E56008E5FBB = {
			isa = PBXGroup;
			children = (
				20A3FB0129369E56008E5FBB /* Insterm */,
				DB750A832AF2F59800F7E8E5 /* InstermTests */,
				DB750A902AF2F60400F7E8E5 /* InstermUITests */,
				20A3FB0029369E56008E5FBB /* Products */,
			);
			sourceTree = "<group>";
		};
		20A3FB0029369E56008E5FBB /* Products */ = {
			isa = PBXGroup;
			children = (
				20A3FAFF29369E56008E5FBB /* Insterm.app */,
				DB750A822AF2F59800F7E8E5 /* InstermTests.xctest */,
				DB750A8F2AF2F60400F7E8E5 /* InstermUITests.xctest */,
			);
			name = Products;
			sourceTree = "<group>";
		};
		20A3FB0129369E56008E5FBB /* Insterm */ = {
			isa = PBXGroup;
			children = (
				DB750A612AF2E0D700F7E8E5 /* InstermApp.swift */,
				1362C8862B8D2AF90010CDA6 /* Models */,
				1362C88C2B8D2CDB0010CDA6 /* Views */,
				1387E5352BC9E46200191CE0 /* Modifiers */,
				1335F76B2B782319004BDECA /* Extension */,
				13893B8D2B3902C90037F0E7 /* LaunchScreen.storyboard */,
				20A3FB0B29369E59008E5FBB /* Assets.xcassets */,
				20A3FB1029369E59008E5FBB /* Info.plist */,
				8DB339442BDF7928000E58FD /* InfoPlist.strings */,
				8DB339422BDDBFAD000E58FD /* Localizable.xcstrings */,
				DB750A672AF2E0FC00F7E8E5 /* Insterm.entitlements */,
				DB750A732AF2F47200F7E8E5 /* Preview Content */,
			);
			path = Insterm;
			sourceTree = "<group>";
		};
		DB750A732AF2F47200F7E8E5 /* Preview Content */ = {
			isa = PBXGroup;
			children = (
				DB750A742AF2F47200F7E8E5 /* Preview Assets.xcassets */,
			);
			path = "Preview Content";
			sourceTree = "<group>";
		};
		DB750A832AF2F59800F7E8E5 /* InstermTests */ = {
			isa = PBXGroup;
			children = (
				DB750A842AF2F59800F7E8E5 /* InstermTests.swift */,
			);
			path = InstermTests;
			sourceTree = "<group>";
		};
		DB750A902AF2F60400F7E8E5 /* InstermUITests */ = {
			isa = PBXGroup;
			children = (
				DB750A912AF2F60400F7E8E5 /* InstermUITests.swift */,
				DB750A932AF2F60400F7E8E5 /* InstermUITestsLaunchTests.swift */,
			);
			path = InstermUITests;
			sourceTree = "<group>";
		};
/* End PBXGroup section */

/* Begin PBXNativeTarget section */
		20A3FAFE29369E56008E5FBB /* Insterm */ = {
			isa = PBXNativeTarget;
			buildConfigurationList = 20A3FB1329369E59008E5FBB /* Build configuration list for PBXNativeTarget "Insterm" */;
			buildPhases = (
				20A3FAFB29369E56008E5FBB /* Sources */,
				20A3FAFC29369E56008E5FBB /* Frameworks */,
				20A3FAFD29369E56008E5FBB /* Resources */,
			);
			buildRules = (
			);
			dependencies = (
			);
			name = Insterm;
			packageProductDependencies = (
				132495362BB5667100B7C1A3 /* SwiftTerm */,
				132495392BB5667C00B7C1A3 /* NMSSH */,
				1324953C2BB566A500B7C1A3 /* libcrypto */,
				1324953E2BB566A500B7C1A3 /* libgit2 */,
				132495402BB566A500B7C1A3 /* libssh2 */,
				132495422BB566A500B7C1A3 /* libssl */,
				132495452BB566B000B7C1A3 /* Shake */,
				1321332C2BBA01CE00D6DFD7 /* GoogleMobileAds */,
				1387E5402BCF219D00191CE0 /* LicenseList */,
			);
			productName = TerminalApp;
			productReference = 20A3FAFF29369E56008E5FBB /* Insterm.app */;
			productType = "com.apple.product-type.application";
		};
		DB750A812AF2F59800F7E8E5 /* InstermTests */ = {
			isa = PBXNativeTarget;
			buildConfigurationList = DB750A882AF2F59800F7E8E5 /* Build configuration list for PBXNativeTarget "InstermTests" */;
			buildPhases = (
				DB750A7E2AF2F59800F7E8E5 /* Sources */,
				DB750A7F2AF2F59800F7E8E5 /* Frameworks */,
				DB750A802AF2F59800F7E8E5 /* Resources */,
			);
			buildRules = (
			);
			dependencies = (
				DB750A872AF2F59800F7E8E5 /* PBXTargetDependency */,
			);
			name = InstermTests;
			productName = InstermTests;
			productReference = DB750A822AF2F59800F7E8E5 /* InstermTests.xctest */;
			productType = "com.apple.product-type.bundle.unit-test";
		};
		DB750A8E2AF2F60400F7E8E5 /* InstermUITests */ = {
			isa = PBXNativeTarget;
			buildConfigurationList = DB750A972AF2F60400F7E8E5 /* Build configuration list for PBXNativeTarget "InstermUITests" */;
			buildPhases = (
				DB750A8B2AF2F60400F7E8E5 /* Sources */,
				DB750A8C2AF2F60400F7E8E5 /* Frameworks */,
				DB750A8D2AF2F60400F7E8E5 /* Resources */,
			);
			buildRules = (
			);
			dependencies = (
				DB750A962AF2F60400F7E8E5 /* PBXTargetDependency */,
			);
			name = InstermUITests;
			productName = InstermUITests;
			productReference = DB750A8F2AF2F60400F7E8E5 /* InstermUITests.xctest */;
			productType = "com.apple.product-type.bundle.ui-testing";
		};
/* End PBXNativeTarget section */

/* Begin PBXProject section */
		20A3FAF729369E56008E5FBB /* Project object */ = {
			isa = PBXProject;
			attributes = {
				BuildIndependentTargetsInParallel = 1;
				LastSwiftUpdateCheck = 1500;
				LastUpgradeCheck = 1520;
				TargetAttributes = {
					20A3FAFE29369E56008E5FBB = {
						CreatedOnToolsVersion = 14.1;
					};
					DB750A812AF2F59800F7E8E5 = {
						CreatedOnToolsVersion = 15.0.1;
						TestTargetID = 20A3FAFE29369E56008E5FBB;
					};
					DB750A8E2AF2F60400F7E8E5 = {
						CreatedOnToolsVersion = 15.0.1;
						TestTargetID = 20A3FAFE29369E56008E5FBB;
					};
				};
			};
			buildConfigurationList = 20A3FAFA29369E56008E5FBB /* Build configuration list for PBXProject "Insterm" */;
			compatibilityVersion = "Xcode 14.0";
			developmentRegion = en;
			hasScannedForEncodings = 0;
			knownRegions = (
				ja,
				Base,
				en,
			);
			mainGroup = 20A3FAF629369E56008E5FBB;
			packageReferences = (
				132495352BB5667100B7C1A3 /* XCRemoteSwiftPackageReference "SwiftTerm" */,
				132495382BB5667C00B7C1A3 /* XCRemoteSwiftPackageReference "NMSSH" */,
				1324953B2BB566A500B7C1A3 /* XCRemoteSwiftPackageReference "Libssh2Prebuild" */,
				132495442BB566B000B7C1A3 /* XCRemoteSwiftPackageReference "shake-ios" */,
				1321332B2BBA01CE00D6DFD7 /* XCRemoteSwiftPackageReference "swift-package-manager-google-mobile-ads" */,
				1387E53F2BCF219D00191CE0 /* XCRemoteSwiftPackageReference "LicenseList" */,
			);
			productRefGroup = 20A3FB0029369E56008E5FBB /* Products */;
			projectDirPath = "";
			projectRoot = "";
			targets = (
				20A3FAFE29369E56008E5FBB /* Insterm */,
				DB750A812AF2F59800F7E8E5 /* InstermTests */,
				DB750A8E2AF2F60400F7E8E5 /* InstermUITests */,
			);
		};
/* End PBXProject section */

/* Begin PBXResourcesBuildPhase section */
		20A3FAFD29369E56008E5FBB /* Resources */ = {
			isa = PBXResourcesBuildPhase;
			buildActionMask = 2147483647;
			files = (
				DB750A752AF2F47200F7E8E5 /* Preview Assets.xcassets in Resources */,
				13893B8E2B3902C90037F0E7 /* LaunchScreen.storyboard in Resources */,
				8DB339432BDDBFAD000E58FD /* Localizable.xcstrings in Resources */,
				20A3FB0C29369E59008E5FBB /* Assets.xcassets in Resources */,
				8DB339462BDF7928000E58FD /* InfoPlist.strings in Resources */,
			);
			runOnlyForDeploymentPostprocessing = 0;
		};
		DB750A802AF2F59800F7E8E5 /* Resources */ = {
			isa = PBXResourcesBuildPhase;
			buildActionMask = 2147483647;
			files = (
			);
			runOnlyForDeploymentPostprocessing = 0;
		};
		DB750A8D2AF2F60400F7E8E5 /* Resources */ = {
			isa = PBXResourcesBuildPhase;
			buildActionMask = 2147483647;
			files = (
			);
			runOnlyForDeploymentPostprocessing = 0;
		};
/* End PBXResourcesBuildPhase section */

/* Begin PBXSourcesBuildPhase section */
		20A3FAFB29369E56008E5FBB /* Sources */ = {
			isa = PBXSourcesBuildPhase;
			buildActionMask = 2147483647;
			files = (
				1387E53B2BCDC76300191CE0 /* AdmobBannerView.swift in Sources */,
				138032B12B9512B30014E9EA /* AppInfoModel.swift in Sources */,
				138032B32B9512FF0014E9EA /* AppInfoView.swift in Sources */,
				137A2F472B4C8819001BA0E4 /* SSHTerminalView.swift in Sources */,
				1335F7712B78368C004BDECA /* NavigationBackButton.swift in Sources */,
				13B935AB2BC9DD0B009D2949 /* SSHTerminalModel.swift in Sources */,
				1362C8992B8E7DC60010CDA6 /* ContentModel.swift in Sources */,
				1387E5372BC9E4BA00191CE0 /* UINavigationController+Gesture.swift in Sources */,
				DB750A642AF2E0E300F7E8E5 /* ContentView.swift in Sources */,
				135823D72B184DEC00C91BFA /* SSHSetupView.swift in Sources */,
				139E261C2BB214D80047C294 /* SSHSetupModel.swift in Sources */,
				DB750A622AF2E0D700F7E8E5 /* InstermApp.swift in Sources */,
				1387E5392BCDC6ED00191CE0 /* AdmobBannerModel.swift in Sources */,
			);
			runOnlyForDeploymentPostprocessing = 0;
		};
		DB750A7E2AF2F59800F7E8E5 /* Sources */ = {
			isa = PBXSourcesBuildPhase;
			buildActionMask = 2147483647;
			files = (
				DB750A852AF2F59800F7E8E5 /* InstermTests.swift in Sources */,
			);
			runOnlyForDeploymentPostprocessing = 0;
		};
		DB750A8B2AF2F60400F7E8E5 /* Sources */ = {
			isa = PBXSourcesBuildPhase;
			buildActionMask = 2147483647;
			files = (
				DB750A922AF2F60400F7E8E5 /* InstermUITests.swift in Sources */,
				DB750A942AF2F60400F7E8E5 /* InstermUITestsLaunchTests.swift in Sources */,
			);
			runOnlyForDeploymentPostprocessing = 0;
		};
/* End PBXSourcesBuildPhase section */

/* Begin PBXTargetDependency section */
		DB750A872AF2F59800F7E8E5 /* PBXTargetDependency */ = {
			isa = PBXTargetDependency;
			target = 20A3FAFE29369E56008E5FBB /* Insterm */;
			targetProxy = DB750A862AF2F59800F7E8E5 /* PBXContainerItemProxy */;
		};
		DB750A962AF2F60400F7E8E5 /* PBXTargetDependency */ = {
			isa = PBXTargetDependency;
			target = 20A3FAFE29369E56008E5FBB /* Insterm */;
			targetProxy = DB750A952AF2F60400F7E8E5 /* PBXContainerItemProxy */;
		};
/* End PBXTargetDependency section */

/* Begin PBXVariantGroup section */
		8DB339442BDF7928000E58FD /* InfoPlist.strings */ = {
			isa = PBXVariantGroup;
			children = (
				8DB339452BDF7928000E58FD /* en */,
				8DB339472BDF796C000E58FD /* ja */,
			);
			name = InfoPlist.strings;
			sourceTree = "<group>";
		};
/* End PBXVariantGroup section */

/* Begin XCBuildConfiguration section */
		20A3FB1129369E59008E5FBB /* Debug */ = {
			isa = XCBuildConfiguration;
			buildSettings = {
				ALWAYS_SEARCH_USER_PATHS = NO;
				ASSETCATALOG_COMPILER_GENERATE_SWIFT_ASSET_SYMBOL_EXTENSIONS = YES;
				CLANG_ANALYZER_LOCALIZABILITY_NONLOCALIZED = YES;
				CLANG_ANALYZER_NONNULL = YES;
				CLANG_ANALYZER_NUMBER_OBJECT_CONVERSION = YES_AGGRESSIVE;
				CLANG_CXX_LANGUAGE_STANDARD = "gnu++20";
				CLANG_ENABLE_MODULES = YES;
				CLANG_ENABLE_OBJC_ARC = YES;
				CLANG_ENABLE_OBJC_WEAK = YES;
				CLANG_WARN_BLOCK_CAPTURE_AUTORELEASING = YES;
				CLANG_WARN_BOOL_CONVERSION = YES;
				CLANG_WARN_COMMA = YES;
				CLANG_WARN_CONSTANT_CONVERSION = YES;
				CLANG_WARN_DEPRECATED_OBJC_IMPLEMENTATIONS = YES;
				CLANG_WARN_DIRECT_OBJC_ISA_USAGE = YES_ERROR;
				CLANG_WARN_DOCUMENTATION_COMMENTS = YES;
				CLANG_WARN_EMPTY_BODY = YES;
				CLANG_WARN_ENUM_CONVERSION = YES;
				CLANG_WARN_INFINITE_RECURSION = YES;
				CLANG_WARN_INT_CONVERSION = YES;
				CLANG_WARN_NON_LITERAL_NULL_CONVERSION = YES;
				CLANG_WARN_OBJC_IMPLICIT_RETAIN_SELF = YES;
				CLANG_WARN_OBJC_LITERAL_CONVERSION = YES;
				CLANG_WARN_OBJC_ROOT_CLASS = YES_ERROR;
				CLANG_WARN_QUOTED_INCLUDE_IN_FRAMEWORK_HEADER = YES;
				CLANG_WARN_RANGE_LOOP_ANALYSIS = YES;
				CLANG_WARN_STRICT_PROTOTYPES = YES;
				CLANG_WARN_SUSPICIOUS_MOVE = YES;
				CLANG_WARN_UNGUARDED_AVAILABILITY = YES_AGGRESSIVE;
				CLANG_WARN_UNREACHABLE_CODE = YES;
				CLANG_WARN__DUPLICATE_METHOD_MATCH = YES;
				COPY_PHASE_STRIP = NO;
				DEBUG_INFORMATION_FORMAT = dwarf;
				ENABLE_STRICT_OBJC_MSGSEND = YES;
				ENABLE_TESTABILITY = YES;
				ENABLE_USER_SCRIPT_SANDBOXING = YES;
				GCC_C_LANGUAGE_STANDARD = gnu17;
				GCC_DYNAMIC_NO_PIC = NO;
				GCC_NO_COMMON_BLOCKS = YES;
				GCC_OPTIMIZATION_LEVEL = 0;
				GCC_PREPROCESSOR_DEFINITIONS = (
					"DEBUG=1",
					"$(inherited)",
				);
				GCC_WARN_64_TO_32_BIT_CONVERSION = YES;
				GCC_WARN_ABOUT_RETURN_TYPE = YES_ERROR;
				GCC_WARN_UNDECLARED_SELECTOR = YES;
				GCC_WARN_UNINITIALIZED_AUTOS = YES_AGGRESSIVE;
				GCC_WARN_UNUSED_FUNCTION = YES;
				GCC_WARN_UNUSED_VARIABLE = YES;
				IPHONEOS_DEPLOYMENT_TARGET = 17.0;
				ONLY_ACTIVE_ARCH = YES;
				SDKROOT = iphoneos;
				SWIFT_ACTIVE_COMPILATION_CONDITIONS = DEBUG;
				SWIFT_OPTIMIZATION_LEVEL = "-Onone";
			};
			name = Debug;
		};
		20A3FB1229369E59008E5FBB /* Release */ = {
			isa = XCBuildConfiguration;
			buildSettings = {
				ALWAYS_SEARCH_USER_PATHS = NO;
				ASSETCATALOG_COMPILER_GENERATE_SWIFT_ASSET_SYMBOL_EXTENSIONS = YES;
				CLANG_ANALYZER_LOCALIZABILITY_NONLOCALIZED = YES;
				CLANG_ANALYZER_NONNULL = YES;
				CLANG_ANALYZER_NUMBER_OBJECT_CONVERSION = YES_AGGRESSIVE;
				CLANG_CXX_LANGUAGE_STANDARD = "gnu++20";
				CLANG_ENABLE_MODULES = YES;
				CLANG_ENABLE_OBJC_ARC = YES;
				CLANG_ENABLE_OBJC_WEAK = YES;
				CLANG_WARN_BLOCK_CAPTURE_AUTORELEASING = YES;
				CLANG_WARN_BOOL_CONVERSION = YES;
				CLANG_WARN_COMMA = YES;
				CLANG_WARN_CONSTANT_CONVERSION = YES;
				CLANG_WARN_DEPRECATED_OBJC_IMPLEMENTATIONS = YES;
				CLANG_WARN_DIRECT_OBJC_ISA_USAGE = YES_ERROR;
				CLANG_WARN_DOCUMENTATION_COMMENTS = YES;
				CLANG_WARN_EMPTY_BODY = YES;
				CLANG_WARN_ENUM_CONVERSION = YES;
				CLANG_WARN_INFINITE_RECURSION = YES;
				CLANG_WARN_INT_CONVERSION = YES;
				CLANG_WARN_NON_LITERAL_NULL_CONVERSION = YES;
				CLANG_WARN_OBJC_IMPLICIT_RETAIN_SELF = YES;
				CLANG_WARN_OBJC_LITERAL_CONVERSION = YES;
				CLANG_WARN_OBJC_ROOT_CLASS = YES_ERROR;
				CLANG_WARN_QUOTED_INCLUDE_IN_FRAMEWORK_HEADER = YES;
				CLANG_WARN_RANGE_LOOP_ANALYSIS = YES;
				CLANG_WARN_STRICT_PROTOTYPES = YES;
				CLANG_WARN_SUSPICIOUS_MOVE = YES;
				CLANG_WARN_UNGUARDED_AVAILABILITY = YES_AGGRESSIVE;
				CLANG_WARN_UNREACHABLE_CODE = YES;
				CLANG_WARN__DUPLICATE_METHOD_MATCH = YES;
				COPY_PHASE_STRIP = NO;
				DEBUG_INFORMATION_FORMAT = "dwarf-with-dsym";
				ENABLE_NS_ASSERTIONS = NO;
				ENABLE_STRICT_OBJC_MSGSEND = YES;
				ENABLE_USER_SCRIPT_SANDBOXING = YES;
				GCC_C_LANGUAGE_STANDARD = gnu17;
				GCC_NO_COMMON_BLOCKS = YES;
				GCC_WARN_64_TO_32_BIT_CONVERSION = YES;
				GCC_WARN_ABOUT_RETURN_TYPE = YES_ERROR;
				GCC_WARN_UNDECLARED_SELECTOR = YES;
				GCC_WARN_UNINITIALIZED_AUTOS = YES_AGGRESSIVE;
				GCC_WARN_UNUSED_FUNCTION = YES;
				GCC_WARN_UNUSED_VARIABLE = YES;
				IPHONEOS_DEPLOYMENT_TARGET = 17.0;
				SDKROOT = iphoneos;
				SWIFT_COMPILATION_MODE = wholemodule;
				SWIFT_OPTIMIZATION_LEVEL = "-O";
				VALIDATE_PRODUCT = YES;
			};
			name = Release;
		};
		20A3FB1429369E59008E5FBB /* Debug */ = {
			isa = XCBuildConfiguration;
			buildSettings = {
				ASSETCATALOG_COMPILER_APPICON_NAME = AppIcon;
				ASSETCATALOG_COMPILER_GLOBAL_ACCENT_COLOR_NAME = AccentColor;
				CODE_SIGN_IDENTITY = "Apple Development";
				CODE_SIGN_STYLE = Automatic;
				CURRENT_PROJECT_VERSION = 2.0.0.1;
				DEVELOPMENT_ASSET_PATHS = "\"Insterm/Preview Content\"";
				DEVELOPMENT_TEAM = PHRCK7J5L6;
				ENABLE_USER_SCRIPT_SANDBOXING = NO;
				EXCLUDED_ARCHS = "";
				GENERATE_INFOPLIST_FILE = YES;
				INFOPLIST_FILE = Insterm/Info.plist;
				INFOPLIST_KEY_LSApplicationCategoryType = "public.app-category.utilities";
				INFOPLIST_KEY_NSUserTrackingUsageDescription = "If you allow it, it will be used to serve you personalized ads.";
				INFOPLIST_KEY_UIApplicationSceneManifest_Generation = YES;
				INFOPLIST_KEY_UIApplicationSupportsIndirectInputEvents = YES;
				INFOPLIST_KEY_UILaunchStoryboardName = LaunchScreen;
				INFOPLIST_KEY_UISupportedInterfaceOrientations_iPad = "UIInterfaceOrientationPortrait UIInterfaceOrientationPortraitUpsideDown UIInterfaceOrientationLandscapeLeft UIInterfaceOrientationLandscapeRight";
				INFOPLIST_KEY_UISupportedInterfaceOrientations_iPhone = "UIInterfaceOrientationPortrait UIInterfaceOrientationLandscapeLeft UIInterfaceOrientationLandscapeRight";
				IPHONEOS_DEPLOYMENT_TARGET = 17.0;
				LD_RUNPATH_SEARCH_PATHS = (
					"$(inherited)",
					"@executable_path/Frameworks",
				);
				MARKETING_VERSION = 2.0.0;
				OTHER_LDFLAGS = (
					"-ld_classic",
					"-fprofile-instr-generate",
					"-ObjC",
					"-Wno-nullability-completeness",
					"-Wno-nonnull",
					"-Wl",
				);
				OTHER_SWIFT_FLAGS = "-Xcc -Wno-incomplete-umbrella";
				PRODUCT_BUNDLE_IDENTIFIER = com.yumori.Insterm;
				PRODUCT_NAME = "$(TARGET_NAME)";
				PROVISIONING_PROFILE_SPECIFIER = "";
				SUPPORTED_PLATFORMS = "iphoneos iphonesimulator";
				SUPPORTS_MACCATALYST = NO;
				SUPPORTS_MAC_DESIGNED_FOR_IPHONE_IPAD = NO;
				SWIFT_EMIT_LOC_STRINGS = YES;
				SWIFT_VERSION = 5.0;
				TARGETED_DEVICE_FAMILY = "1,2";
				WARNING_CFLAGS = "-Wno-nullability-completeness";
			};
			name = Debug;
		};
		20A3FB1529369E59008E5FBB /* Release */ = {
			isa = XCBuildConfiguration;
			buildSettings = {
				ASSETCATALOG_COMPILER_APPICON_NAME = AppIcon;
				ASSETCATALOG_COMPILER_GLOBAL_ACCENT_COLOR_NAME = AccentColor;
				CODE_SIGN_IDENTITY = "Apple Development";
				CODE_SIGN_STYLE = Automatic;
				CURRENT_PROJECT_VERSION = 2.0.0.1;
				DEVELOPMENT_ASSET_PATHS = "\"Insterm/Preview Content\"";
				DEVELOPMENT_TEAM = PHRCK7J5L6;
				ENABLE_USER_SCRIPT_SANDBOXING = NO;
				GENERATE_INFOPLIST_FILE = YES;
				INFOPLIST_FILE = Insterm/Info.plist;
				INFOPLIST_KEY_LSApplicationCategoryType = "public.app-category.utilities";
				INFOPLIST_KEY_NSUserTrackingUsageDescription = "If you allow it, it will be used to serve you personalized ads.";
				INFOPLIST_KEY_UIApplicationSceneManifest_Generation = YES;
				INFOPLIST_KEY_UIApplicationSupportsIndirectInputEvents = YES;
				INFOPLIST_KEY_UILaunchStoryboardName = LaunchScreen;
				INFOPLIST_KEY_UISupportedInterfaceOrientations_iPad = "UIInterfaceOrientationPortrait UIInterfaceOrientationPortraitUpsideDown UIInterfaceOrientationLandscapeLeft UIInterfaceOrientationLandscapeRight";
				INFOPLIST_KEY_UISupportedInterfaceOrientations_iPhone = "UIInterfaceOrientationPortrait UIInterfaceOrientationLandscapeLeft UIInterfaceOrientationLandscapeRight";
				IPHONEOS_DEPLOYMENT_TARGET = 17.0;
				LD_RUNPATH_SEARCH_PATHS = (
					"$(inherited)",
					"@executable_path/Frameworks",
				);
				MARKETING_VERSION = 2.0.0;
				OTHER_LDFLAGS = (
					"-ld_classic",
					"-fprofile-instr-generate",
					"-ObjC",
					"-Wno-nullability-completeness",
					"-Wno-nonnull",
					"-Wl",
				);
				OTHER_SWIFT_FLAGS = "-Xcc -Wno-incomplete-umbrella";
				PRODUCT_BUNDLE_IDENTIFIER = com.yumori.Insterm;
				PRODUCT_NAME = "$(TARGET_NAME)";
				PROVISIONING_PROFILE_SPECIFIER = "";
				SUPPORTED_PLATFORMS = "iphoneos iphonesimulator";
				SUPPORTS_MACCATALYST = NO;
				SUPPORTS_MAC_DESIGNED_FOR_IPHONE_IPAD = NO;
				SWIFT_EMIT_LOC_STRINGS = YES;
				SWIFT_VERSION = 5.0;
				TARGETED_DEVICE_FAMILY = "1,2";
				WARNING_CFLAGS = "-Wno-nullability-completeness";
			};
			name = Release;
		};
		DB750A892AF2F59800F7E8E5 /* Debug */ = {
			isa = XCBuildConfiguration;
			buildSettings = {
				BUNDLE_LOADER = "$(TEST_HOST)";
				CODE_SIGN_STYLE = Automatic;
				CURRENT_PROJECT_VERSION = 1;
				DEVELOPMENT_TEAM = PHRCK7J5L6;
				GENERATE_INFOPLIST_FILE = YES;
				LOCALIZATION_PREFERS_STRING_CATALOGS = YES;
				MARKETING_VERSION = 1.0;
				MTL_ENABLE_DEBUG_INFO = INCLUDE_SOURCE;
				MTL_FAST_MATH = YES;
				PRODUCT_BUNDLE_IDENTIFIER = com.yumori.InstermTests;
				PRODUCT_NAME = "$(TARGET_NAME)";
				SWIFT_ACTIVE_COMPILATION_CONDITIONS = "DEBUG $(inherited)";
				SWIFT_EMIT_LOC_STRINGS = NO;
				SWIFT_VERSION = 5.0;
				TARGETED_DEVICE_FAMILY = "1,2";
				TEST_HOST = "$(BUILT_PRODUCTS_DIR)/Insterm.app/$(BUNDLE_EXECUTABLE_FOLDER_PATH)/Insterm";
			};
			name = Debug;
		};
		DB750A8A2AF2F59800F7E8E5 /* Release */ = {
			isa = XCBuildConfiguration;
			buildSettings = {
				BUNDLE_LOADER = "$(TEST_HOST)";
				CODE_SIGN_STYLE = Automatic;
				CURRENT_PROJECT_VERSION = 1;
				DEVELOPMENT_TEAM = PHRCK7J5L6;
				GENERATE_INFOPLIST_FILE = YES;
				LOCALIZATION_PREFERS_STRING_CATALOGS = YES;
				MARKETING_VERSION = 1.0;
				MTL_ENABLE_DEBUG_INFO = NO;
				MTL_FAST_MATH = YES;
				PRODUCT_BUNDLE_IDENTIFIER = com.yumori.InstermTests;
				PRODUCT_NAME = "$(TARGET_NAME)";
				SWIFT_EMIT_LOC_STRINGS = NO;
				SWIFT_VERSION = 5.0;
				TARGETED_DEVICE_FAMILY = "1,2";
				TEST_HOST = "$(BUILT_PRODUCTS_DIR)/Insterm.app/$(BUNDLE_EXECUTABLE_FOLDER_PATH)/Insterm";
			};
			name = Release;
		};
		DB750A982AF2F60400F7E8E5 /* Debug */ = {
			isa = XCBuildConfiguration;
			buildSettings = {
				CODE_SIGN_STYLE = Automatic;
				CURRENT_PROJECT_VERSION = 1;
				DEVELOPMENT_TEAM = PHRCK7J5L6;
				GENERATE_INFOPLIST_FILE = YES;
				LOCALIZATION_PREFERS_STRING_CATALOGS = YES;
				MARKETING_VERSION = 1.0;
				MTL_ENABLE_DEBUG_INFO = INCLUDE_SOURCE;
				MTL_FAST_MATH = YES;
				PRODUCT_BUNDLE_IDENTIFIER = com.yumori.InstermUITests;
				PRODUCT_NAME = "$(TARGET_NAME)";
				SWIFT_ACTIVE_COMPILATION_CONDITIONS = "DEBUG $(inherited)";
				SWIFT_EMIT_LOC_STRINGS = NO;
				SWIFT_VERSION = 5.0;
				TARGETED_DEVICE_FAMILY = "1,2";
				TEST_TARGET_NAME = Insterm;
			};
			name = Debug;
		};
		DB750A992AF2F60400F7E8E5 /* Release */ = {
			isa = XCBuildConfiguration;
			buildSettings = {
				CODE_SIGN_STYLE = Automatic;
				CURRENT_PROJECT_VERSION = 1;
				DEVELOPMENT_TEAM = PHRCK7J5L6;
				GENERATE_INFOPLIST_FILE = YES;
				LOCALIZATION_PREFERS_STRING_CATALOGS = YES;
				MARKETING_VERSION = 1.0;
				MTL_ENABLE_DEBUG_INFO = NO;
				MTL_FAST_MATH = YES;
				PRODUCT_BUNDLE_IDENTIFIER = com.yumori.InstermUITests;
				PRODUCT_NAME = "$(TARGET_NAME)";
				SWIFT_EMIT_LOC_STRINGS = NO;
				SWIFT_VERSION = 5.0;
				TARGETED_DEVICE_FAMILY = "1,2";
				TEST_TARGET_NAME = Insterm;
			};
			name = Release;
		};
/* End XCBuildConfiguration section */

/* Begin XCConfigurationList section */
		20A3FAFA29369E56008E5FBB /* Build configuration list for PBXProject "Insterm" */ = {
			isa = XCConfigurationList;
			buildConfigurations = (
				20A3FB1129369E59008E5FBB /* Debug */,
				20A3FB1229369E59008E5FBB /* Release */,
			);
			defaultConfigurationIsVisible = 0;
			defaultConfigurationName = Release;
		};
		20A3FB1329369E59008E5FBB /* Build configuration list for PBXNativeTarget "Insterm" */ = {
			isa = XCConfigurationList;
			buildConfigurations = (
				20A3FB1429369E59008E5FBB /* Debug */,
				20A3FB1529369E59008E5FBB /* Release */,
			);
			defaultConfigurationIsVisible = 0;
			defaultConfigurationName = Release;
		};
		DB750A882AF2F59800F7E8E5 /* Build configuration list for PBXNativeTarget "InstermTests" */ = {
			isa = XCConfigurationList;
			buildConfigurations = (
				DB750A892AF2F59800F7E8E5 /* Debug */,
				DB750A8A2AF2F59800F7E8E5 /* Release */,
			);
			defaultConfigurationIsVisible = 0;
			defaultConfigurationName = Release;
		};
		DB750A972AF2F60400F7E8E5 /* Build configuration list for PBXNativeTarget "InstermUITests" */ = {
			isa = XCConfigurationList;
			buildConfigurations = (
				DB750A982AF2F60400F7E8E5 /* Debug */,
				DB750A992AF2F60400F7E8E5 /* Release */,
			);
			defaultConfigurationIsVisible = 0;
			defaultConfigurationName = Release;
		};
/* End XCConfigurationList section */

/* Begin XCRemoteSwiftPackageReference section */
		1321332B2BBA01CE00D6DFD7 /* XCRemoteSwiftPackageReference "swift-package-manager-google-mobile-ads" */ = {
			isa = XCRemoteSwiftPackageReference;
			repositoryURL = "https://github.com/googleads/swift-package-manager-google-mobile-ads.git";
			requirement = {
				kind = upToNextMajorVersion;
				minimumVersion = 11.2.0;
			};
		};
		132495352BB5667100B7C1A3 /* XCRemoteSwiftPackageReference "SwiftTerm" */ = {
			isa = XCRemoteSwiftPackageReference;
			repositoryURL = "https://github.com/migueldeicaza/SwiftTerm.git";
			requirement = {
				kind = exactVersion;
				version = 1.2.1;
			};
		};
		132495382BB5667C00B7C1A3 /* XCRemoteSwiftPackageReference "NMSSH" */ = {
			isa = XCRemoteSwiftPackageReference;
			repositoryURL = "https://github.com/MidoriMinato/NMSSH";
			requirement = {
				kind = upToNextMajorVersion;
				minimumVersion = 2.4.4;
			};
		};
		1324953B2BB566A500B7C1A3 /* XCRemoteSwiftPackageReference "Libssh2Prebuild" */ = {
			isa = XCRemoteSwiftPackageReference;
			repositoryURL = "https://github.com/MidoriMinato/Libssh2Prebuild";
			requirement = {
				branch = master;
				kind = branch;
			};
		};
		132495442BB566B000B7C1A3 /* XCRemoteSwiftPackageReference "shake-ios" */ = {
			isa = XCRemoteSwiftPackageReference;
			repositoryURL = "https://github.com/shakebugs/shake-ios";
			requirement = {
				kind = upToNextMajorVersion;
				minimumVersion = 16.2.3;
			};
		};
		1387E53F2BCF219D00191CE0 /* XCRemoteSwiftPackageReference "LicenseList" */ = {
			isa = XCRemoteSwiftPackageReference;
			repositoryURL = "https://github.com/cybozu/LicenseList.git";
			requirement = {
				kind = upToNextMajorVersion;
				minimumVersion = 0.6.0;
			};
		};
/* End XCRemoteSwiftPackageReference section */

/* Begin XCSwiftPackageProductDependency section */
		1321332C2BBA01CE00D6DFD7 /* GoogleMobileAds */ = {
			isa = XCSwiftPackageProductDependency;
			package = 1321332B2BBA01CE00D6DFD7 /* XCRemoteSwiftPackageReference "swift-package-manager-google-mobile-ads" */;
			productName = GoogleMobileAds;
		};
		132495362BB5667100B7C1A3 /* SwiftTerm */ = {
			isa = XCSwiftPackageProductDependency;
			package = 132495352BB5667100B7C1A3 /* XCRemoteSwiftPackageReference "SwiftTerm" */;
			productName = SwiftTerm;
		};
		132495392BB5667C00B7C1A3 /* NMSSH */ = {
			isa = XCSwiftPackageProductDependency;
			package = 132495382BB5667C00B7C1A3 /* XCRemoteSwiftPackageReference "NMSSH" */;
			productName = NMSSH;
		};
		1324953C2BB566A500B7C1A3 /* libcrypto */ = {
			isa = XCSwiftPackageProductDependency;
			package = 1324953B2BB566A500B7C1A3 /* XCRemoteSwiftPackageReference "Libssh2Prebuild" */;
			productName = libcrypto;
		};
		1324953E2BB566A500B7C1A3 /* libgit2 */ = {
			isa = XCSwiftPackageProductDependency;
			package = 1324953B2BB566A500B7C1A3 /* XCRemoteSwiftPackageReference "Libssh2Prebuild" */;
			productName = libgit2;
		};
		132495402BB566A500B7C1A3 /* libssh2 */ = {
			isa = XCSwiftPackageProductDependency;
			package = 1324953B2BB566A500B7C1A3 /* XCRemoteSwiftPackageReference "Libssh2Prebuild" */;
			productName = libssh2;
		};
		132495422BB566A500B7C1A3 /* libssl */ = {
			isa = XCSwiftPackageProductDependency;
			package = 1324953B2BB566A500B7C1A3 /* XCRemoteSwiftPackageReference "Libssh2Prebuild" */;
			productName = libssl;
		};
		132495452BB566B000B7C1A3 /* Shake */ = {
			isa = XCSwiftPackageProductDependency;
			package = 132495442BB566B000B7C1A3 /* XCRemoteSwiftPackageReference "shake-ios" */;
			productName = Shake;
		};
		1387E5402BCF219D00191CE0 /* LicenseList */ = {
			isa = XCSwiftPackageProductDependency;
			package = 1387E53F2BCF219D00191CE0 /* XCRemoteSwiftPackageReference "LicenseList" */;
			productName = LicenseList;
		};
/* End XCSwiftPackageProductDependency section */
	};
	rootObject = 20A3FAF729369E56008E5FBB /* Project object */;
}
