{
  "pins" : [
    {
      "identity" : "swiftterm",
      "kind" : "remoteSourceControl",
      "location" : "https://github.com/migueldeicaza/SwiftTerm",
      "state" : {
        "branch" : "main",
        "revision" : "5d50f82f8838650cabfd4285bffddffd537459cc"
      }
    }
  ],
  "version" : 2
}
